
Microsoft Visual Studio Solution File, Format Version 12.00
# Visual Studio Version 16
VisualStudioVersion = 16.0.31729.503
MinimumVisualStudioVersion = 10.0.40219.1
Project("{FAE04EC0-301F-11D3-BF4B-00C04F79EFBC}") = "WPF-JSON", "WPF-JSON\WPF-JSON.csproj", "{CE3FD821-9635-4BF7-92AC-982D7C1CCEE0}"
EndProject
Global
	GlobalSection(SolutionConfigurationPlatforms) = preSolution
		Debug|Any CPU = Debug|Any CPU
		Release|Any CPU = Release|Any CPU
	EndGlobalSection
	GlobalSection(ProjectConfigurationPlatforms) = postSolution
		{CE3FD821-9635-4BF7-92AC-982D7C1CCEE0}.Debug|Any CPU.ActiveCfg = Debug|Any CPU
		{CE3FD821-9635-4BF7-92AC-982D7C1CCEE0}.Debug|Any CPU.Build.0 = Debug|Any CPU
		{CE3FD821-9635-4BF7-92AC-982D7C1CCEE0}.Release|Any CPU.ActiveCfg = Release|Any CPU
		{CE3FD821-9635-4BF7-92AC-982D7C1CCEE0}.Release|Any CPU.Build.0 = Release|Any CPU
	EndGlobalSection
	GlobalSection(SolutionProperties) = preSolution
		HideSolutionNode = FALSE
	EndGlobalSection
	GlobalSection(ExtensibilityGlobals) = postSolution
		SolutionGuid = {B922B55E-8D31-4781-A327-42E9680721DE}
	EndGlobalSection
EndGlobal
